
Microsoft Visual Studio Solution File, Format Version 12.00
# Visual Studio Version 16
VisualStudioVersion = 16.0.29230.47
MinimumVisualStudioVersion = 10.0.40219.1
Project("{FAE04EC0-301F-11D3-BF4B-00C04F79EFBC}") = "tx-viewer-sign-multiple", "tx-viewer-sign-multiple\tx-viewer-sign-multiple.csproj", "{157304FD-8EE3-4D41-B390-B8078FA705FF}"
EndProject
Global
	GlobalSection(SolutionConfigurationPlatforms) = preSolution
		Debug|Any CPU = Debug|Any CPU
		Release|Any CPU = Release|Any CPU
	EndGlobalSection
	GlobalSection(ProjectConfigurationPlatforms) = postSolution
		{157304FD-8EE3-4D41-B390-B8078FA705FF}.Debug|Any CPU.ActiveCfg = Debug|Any CPU
		{157304FD-8EE3-4D41-B390-B8078FA705FF}.Debug|Any CPU.Build.0 = Debug|Any CPU
		{157304FD-8EE3-4D41-B390-B8078FA705FF}.Release|Any CPU.ActiveCfg = Release|Any CPU
		{157304FD-8EE3-4D41-B390-B8078FA705FF}.Release|Any CPU.Build.0 = Release|Any CPU
	EndGlobalSection
	GlobalSection(SolutionProperties) = preSolution
		HideSolutionNode = FALSE
	EndGlobalSection
	GlobalSection(ExtensibilityGlobals) = postSolution
		SolutionGuid = {3E6DA6C1-97D8-4B38-8292-5AC178D3D0D2}
	EndGlobalSection
EndGlobal
